
Microsoft Visual Studio Solution File, Format Version 12.00
# Visual Studio Version 17
VisualStudioVersion = 17.10.35004.147
MinimumVisualStudioVersion = 10.0.40219.1
Project("{FAE04EC0-301F-11D3-BF4B-00C04F79EFBC}") = "AfyonGDG.FinalProject.MVC", "AfyonGDG.FinalProject.MVC\AfyonGDG.FinalProject.MVC.csproj", "{BFF170C9-C715-40A4-AAE3-23C46C51D736}"
EndProject
Global
	GlobalSection(SolutionConfigurationPlatforms) = preSolution
		Debug|Any CPU = Debug|Any CPU
		Release|Any CPU = Release|Any CPU
	EndGlobalSection
	GlobalSection(ProjectConfigurationPlatforms) = postSolution
		{BFF170C9-C715-40A4-AAE3-23C46C51D736}.Debug|Any CPU.ActiveCfg = Debug|Any CPU
		{BFF170C9-C715-40A4-AAE3-23C46C51D736}.Debug|Any CPU.Build.0 = Debug|Any CPU
		{BFF170C9-C715-40A4-AAE3-23C46C51D736}.Release|Any CPU.ActiveCfg = Release|Any CPU
		{BFF170C9-C715-40A4-AAE3-23C46C51D736}.Release|Any CPU.Build.0 = Release|Any CPU
	EndGlobalSection
	GlobalSection(SolutionProperties) = preSolution
		HideSolutionNode = FALSE
	EndGlobalSection
	GlobalSection(ExtensibilityGlobals) = postSolution
		SolutionGuid = {21FBF22B-B537-463A-98D0-478DA5A60B89}
	EndGlobalSection
EndGlobal
